
Microsoft Visual Studio Solution File, Format Version 12.00
# Visual Studio Version 17
VisualStudioVersion = 17.5.33424.131
MinimumVisualStudioVersion = 10.0.40219.1
Project("{8BC9CEB8-8B4A-11D0-8D11-00A0C91BC942}") = "Hazel", "Hazel\Hazel.vcxproj", "{D8C55028-E265-45A3-A7E1-6306D3EE4F35}"
EndProject
Project("{8BC9CEB8-8B4A-11D0-8D11-00A0C91BC942}") = "Sandbox", "Sandbox\Sandbox.vcxproj", "{9EC9838C-F2A8-4A57-8B7B-903252FE3FAF}"
EndProject
Global
	GlobalSection(SolutionConfigurationPlatforms) = preSolution
		Debug|x64 = Debug|x64
		Release|x64 = Release|x64
	EndGlobalSection
	GlobalSection(ProjectConfigurationPlatforms) = postSolution
		{D8C55028-E265-45A3-A7E1-6306D3EE4F35}.Debug|x64.ActiveCfg = Debug|x64
		{D8C55028-E265-45A3-A7E1-6306D3EE4F35}.Debug|x64.Build.0 = Debug|x64
		{D8C55028-E265-45A3-A7E1-6306D3EE4F35}.Release|x64.ActiveCfg = Release|x64
		{D8C55028-E265-45A3-A7E1-6306D3EE4F35}.Release|x64.Build.0 = Release|x64
		{9EC9838C-F2A8-4A57-8B7B-903252FE3FAF}.Debug|x64.ActiveCfg = Debug|x64
		{9EC9838C-F2A8-4A57-8B7B-903252FE3FAF}.Debug|x64.Build.0 = Debug|x64
		{9EC9838C-F2A8-4A57-8B7B-903252FE3FAF}.Release|x64.ActiveCfg = Release|x64
		{9EC9838C-F2A8-4A57-8B7B-903252FE3FAF}.Release|x64.Build.0 = Release|x64
	EndGlobalSection
	GlobalSection(SolutionProperties) = preSolution
		HideSolutionNode = FALSE
	EndGlobalSection
	GlobalSection(ExtensibilityGlobals) = postSolution
		SolutionGuid = {01F25263-3CC6-4672-8756-7C9CB8CA9770}
	EndGlobalSection
EndGlobal
